
Microsoft Visual Studio Solution File, Format Version 12.00
# Visual Studio Version 16
VisualStudioVersion = 16.0.31229.75
MinimumVisualStudioVersion = 10.0.40219.1
Project("{FAE04EC0-301F-11D3-BF4B-00C04F79EFBC}") = "LibraryProject1", "LibraryProject1\LibraryProject1.csproj", "{D71A6C61-12AB-4457-B3BE-87A2B62B02DA}"
EndProject
Global
	GlobalSection(SolutionConfigurationPlatforms) = preSolution
		Debug|Any CPU = Debug|Any CPU
		Release|Any CPU = Release|Any CPU
	EndGlobalSection
	GlobalSection(ProjectConfigurationPlatforms) = postSolution
		{D71A6C61-12AB-4457-B3BE-87A2B62B02DA}.Debug|Any CPU.ActiveCfg = Debug|Any CPU
		{D71A6C61-12AB-4457-B3BE-87A2B62B02DA}.Debug|Any CPU.Build.0 = Debug|Any CPU
		{D71A6C61-12AB-4457-B3BE-87A2B62B02DA}.Release|Any CPU.ActiveCfg = Release|Any CPU
		{D71A6C61-12AB-4457-B3BE-87A2B62B02DA}.Release|Any CPU.Build.0 = Release|Any CPU
	EndGlobalSection
	GlobalSection(SolutionProperties) = preSolution
		HideSolutionNode = FALSE
	EndGlobalSection
	GlobalSection(ExtensibilityGlobals) = postSolution
		SolutionGuid = {317C5204-1762-4569-B9AA-224A4EF49685}
	EndGlobalSection
EndGlobal
